<?xml version="1.0" encoding="utf-8"?>
<Project ToolsVersion="4.0" xmlns="http://schemas.microsoft.com/developer/msbuild/2003">
  <ItemGroup>
    <Filter Include="Source Files">
      <UniqueIdentifier>{4FC737F1-C7A5-4376-A066-2A32D752A2FF}</UniqueIdentifier>
      <Extensions>cpp;c;cc;cxx;c++;cppm;ixx;def;odl;idl;hpj;bat;asm;asmx</Extensions>
    </Filter>
    <Filter Include="Header Files">
      <UniqueIdentifier>{93995380-89BD-4b04-88EB-625FBE52EBFB}</UniqueIdentifier>
      <Extensions>h;hh;hpp;hxx;h++;hm;inl;inc;ipp;xsd</Extensions>
    </Filter>
    <Filter Include="Resource Files">
      <UniqueIdentifier>{67DA6AB6-F800-4c08-8B7A-83BB121AAD01}</UniqueIdentifier>
      <Extensions>rc;ico;cur;bmp;dlg;rc2;rct;bin;rgs;gif;jpg;jpeg;jpe;resx;tiff;tif;png;wav;mfcribbon-ms</Extensions>
    </Filter>
    <Filter Include="Source Files\Generator">
      <UniqueIdentifier>{a2304346-170d-4679-a467-417ebd0fbc66}</UniqueIdentifier>
    </Filter>
    <Filter Include="Source Files\Generator\Auxiliar">
      <UniqueIdentifier>{3ebefd09-283c-4883-b93c-7015a53e344d}</UniqueIdentifier>
    </Filter>
    <Filter Include="Source Files\Generator\GenerateSphere">
      <UniqueIdentifier>{fb97536b-3891-4541-abca-d9a4622742ec}</UniqueIdentifier>
    </Filter>
    <Filter Include="Header Files\Generator">
      <UniqueIdentifier>{723dcdba-ba76-4cdb-a690-35f31f4da29b}</UniqueIdentifier>
    </Filter>
    <Filter Include="Header Files\Generator\GenerateSphere">
      <UniqueIdentifier>{3d512a2c-4ba4-4c4b-bab3-250d1761c7a9}</UniqueIdentifier>
    </Filter>
    <Filter Include="Header Files\Generator\Auxiliar">
      <UniqueIdentifier>{a14f9dfa-1811-497b-bbf9-9ef831771bda}</UniqueIdentifier>
    </Filter>
    <Filter Include="Source Files\Generator\GenerateBox">
      <UniqueIdentifier>{96232126-cf71-4059-8fec-43d9ad503c56}</UniqueIdentifier>
    </Filter>
    <Filter Include="Source Files\Generator\GenerateCone">
      <UniqueIdentifier>{ef89a9f3-1d58-4182-9df8-d809ebe028a4}</UniqueIdentifier>
    </Filter>
    <Filter Include="Source Files\Generator\GeneratePlane">
      <UniqueIdentifier>{cde93b3e-38cd-403d-8f1f-b851d3c08387}</UniqueIdentifier>
    </Filter>
    <Filter Include="Header Files\Generator\GenerateBox">
      <UniqueIdentifier>{8b5d0925-310a-4733-a3ad-2df7871be885}</UniqueIdentifier>
    </Filter>
    <Filter Include="Header Files\Generator\GenerateCone">
      <UniqueIdentifier>{22672f7f-b6df-402d-9b5a-928c9691098d}</UniqueIdentifier>
    </Filter>
    <Filter Include="Header Files\Generator\GeneratePlane">
      <UniqueIdentifier>{165724a4-56e5-4c04-b19d-d514bf770f2b}</UniqueIdentifier>
    </Filter>
  </ItemGroup>
  <ItemGroup>
    <ClCompile Include="Sphere.cpp">
      <Filter>Source Files\Generator\GenerateSphere</Filter>
    </ClCompile>
    <ClCompile Include="SphereGenerator.cpp">
      <Filter>Source Files\Generator\GenerateSphere</Filter>
    </ClCompile>
    <ClCompile Include="AuxiliarMethods.cpp">
      <Filter>Source Files\Generator\Auxiliar</Filter>
    </ClCompile>
    <ClCompile Include="Point.cpp">
      <Filter>Source Files\Generator\Auxiliar</Filter>
    </ClCompile>
    <ClCompile Include="SolidGenerator.cpp">
      <Filter>Source Files\Generator</Filter>
    </ClCompile>
    <ClCompile Include="ConeGenerator.cpp">
      <Filter>Source Files\Generator\GenerateCone</Filter>
    </ClCompile>
    <ClCompile Include="PlaneGenerator.cpp">
      <Filter>Header Files\Generator\GeneratePlane</Filter>
    </ClCompile>
    <ClCompile Include="BoxGenerator.cpp">
      <Filter>Header Files\Generator\GenerateBox</Filter>
    </ClCompile>
  </ItemGroup>
  <ItemGroup>
    <ClInclude Include="resource.h">
      <Filter>Header Files</Filter>
    </ClInclude>
    <ClInclude Include="Sphere.h">
      <Filter>Header Files\Generator\GenerateSphere</Filter>
    </ClInclude>
    <ClInclude Include="SphereGenerator.h">
      <Filter>Header Files\Generator\GenerateSphere</Filter>
    </ClInclude>
    <ClInclude Include="AuxiliarMethods.h">
      <Filter>Header Files\Generator\Auxiliar</Filter>
    </ClInclude>
    <ClInclude Include="Point.h">
      <Filter>Header Files\Generator\Auxiliar</Filter>
    </ClInclude>
  </ItemGroup>
  <ItemGroup>
    <ResourceCompile Include="SolidGenerator.rc">
      <Filter>Resource Files</Filter>
    </ResourceCompile>
  </ItemGroup>
</Project>