<?xml version="1.0" encoding="utf-8"?>
<Project ToolsVersion="4.0" xmlns="http://schemas.microsoft.com/developer/msbuild/2003">
  <ItemGroup>
    <Filter Include="Source Files">
      <UniqueIdentifier>{4FC737F1-C7A5-4376-A066-2A32D752A2FF}</UniqueIdentifier>
      <Extensions>cpp;c;cc;cxx;c++;cppm;ixx;def;odl;idl;hpj;bat;asm;asmx</Extensions>
    </Filter>
    <Filter Include="Header Files">
      <UniqueIdentifier>{93995380-89BD-4b04-88EB-625FBE52EBFB}</UniqueIdentifier>
      <Extensions>h;hh;hpp;hxx;h++;hm;inl;inc;ipp;xsd</Extensions>
    </Filter>
    <Filter Include="Resource Files">
      <UniqueIdentifier>{67DA6AB6-F800-4c08-8B7A-83BB121AAD01}</UniqueIdentifier>
      <Extensions>rc;ico;cur;bmp;dlg;rc2;rct;bin;rgs;gif;jpg;jpeg;jpe;resx;tiff;tif;png;wav;mfcribbon-ms</Extensions>
    </Filter>
    <Filter Include="Source Files\Auxiliares">
      <UniqueIdentifier>{2701aa76-cfdf-4857-8fa2-5856bb7aac6f}</UniqueIdentifier>
    </Filter>
    <Filter Include="Source Files\BoxGenerator">
      <UniqueIdentifier>{44ed688a-40fb-457f-b4cd-5417a61207d6}</UniqueIdentifier>
    </Filter>
    <Filter Include="Source Files\ConeGenerator">
      <UniqueIdentifier>{6727b427-e070-42b2-950d-eaf4aabeb395}</UniqueIdentifier>
    </Filter>
    <Filter Include="Source Files\PlaneGenerator">
      <UniqueIdentifier>{8de7106b-1335-448b-9ac4-7f9df24635c6}</UniqueIdentifier>
    </Filter>
    <Filter Include="Source Files\SphereGenerator">
      <UniqueIdentifier>{30e7e67e-3b39-41f4-bb6e-1a7a775793bc}</UniqueIdentifier>
    </Filter>
    <Filter Include="Source Files\Objetos">
      <UniqueIdentifier>{4cecb6da-de4b-4959-bad7-88e7439238ee}</UniqueIdentifier>
    </Filter>
  </ItemGroup>
  <ItemGroup>
    <ClCompile Include="..\SolidGenerator.cpp">
      <Filter>Source Files</Filter>
    </ClCompile>
    <ClCompile Include="..\AuxiliarMethods.cpp">
      <Filter>Source Files\Auxiliares</Filter>
    </ClCompile>
    <ClCompile Include="..\BoxGenerator.cpp">
      <Filter>Source Files\BoxGenerator</Filter>
    </ClCompile>
    <ClCompile Include="..\ConeGenerator.cpp">
      <Filter>Source Files\ConeGenerator</Filter>
    </ClCompile>
    <ClCompile Include="..\PlaneGenerator.cpp">
      <Filter>Source Files\PlaneGenerator</Filter>
    </ClCompile>
    <ClCompile Include="..\SphereGenerator.cpp">
      <Filter>Source Files\SphereGenerator</Filter>
    </ClCompile>
    <ClCompile Include="..\Box.cpp">
      <Filter>Source Files\Objetos</Filter>
    </ClCompile>
    <ClCompile Include="..\Cone.cpp">
      <Filter>Source Files\Objetos</Filter>
    </ClCompile>
    <ClCompile Include="..\Plane.cpp">
      <Filter>Source Files\Objetos</Filter>
    </ClCompile>
    <ClCompile Include="..\Point.cpp">
      <Filter>Source Files\Objetos</Filter>
    </ClCompile>
    <ClCompile Include="..\Sphere.cpp">
      <Filter>Source Files\Objetos</Filter>
    </ClCompile>
  </ItemGroup>
  <ItemGroup>
    <ClInclude Include="..\Generator.h">
      <Filter>Source Files</Filter>
    </ClInclude>
    <ClInclude Include="..\AuxiliarMethods.h">
      <Filter>Source Files\Auxiliares</Filter>
    </ClInclude>
    <ClInclude Include="..\BoxGenerator.h">
      <Filter>Source Files\BoxGenerator</Filter>
    </ClInclude>
    <ClInclude Include="..\ConeGenerator.h">
      <Filter>Source Files\ConeGenerator</Filter>
    </ClInclude>
    <ClInclude Include="..\PlaneGenerator.h">
      <Filter>Source Files\PlaneGenerator</Filter>
    </ClInclude>
    <ClInclude Include="..\SphereGenerator.h">
      <Filter>Source Files\SphereGenerator</Filter>
    </ClInclude>
    <ClInclude Include="..\Box.h">
      <Filter>Source Files\Objetos</Filter>
    </ClInclude>
    <ClInclude Include="..\Cone.h">
      <Filter>Source Files\Objetos</Filter>
    </ClInclude>
    <ClInclude Include="..\Plane.h">
      <Filter>Source Files\Objetos</Filter>
    </ClInclude>
    <ClInclude Include="..\Point.h">
      <Filter>Source Files\Objetos</Filter>
    </ClInclude>
    <ClInclude Include="..\Sphere.h">
      <Filter>Source Files\Objetos</Filter>
    </ClInclude>
  </ItemGroup>
</Project>